// !$*UTF8*$!
{
	archiveVersion = 1;
	classes = {
	};
	objectVersion = 46;
	objects = {

/* Begin PBXBuildFile section */
		3F3030AC1B4C8C0F00B462ED /* main.m in Sources */ = {isa = PBXBuildFile; fileRef = 3F3030AB1B4C8C0F00B462ED /* main.m */; };
		3F3030AF1B4C8C0F00B462ED /* AppDelegate.m in Sources */ = {isa = PBXBuildFile; fileRef = 3F3030AE1B4C8C0F00B462ED /* AppDelegate.m */; };
		3F3030B21B4C8C0F00B462ED /* ViewController.m in Sources */ = {isa = PBXBuildFile; fileRef = 3F3030B11B4C8C0F00B462ED /* ViewController.m */; };
		3F3030B51B4C8C0F00B462ED /* Main.storyboard in Resources */ = {isa = PBXBuildFile; fileRef = 3F3030B31B4C8C0F00B462ED /* Main.storyboard */; };
		3F3030B71B4C8C0F00B462ED /* Images.xcassets in Resources */ = {isa = PBXBuildFile; fileRef = 3F3030B61B4C8C0F00B462ED /* Images.xcassets */; };
		3F3030BA1B4C8C0F00B462ED /* LaunchScreen.xib in Resources */ = {isa = PBXBuildFile; fileRef = 3F3030B81B4C8C0F00B462ED /* LaunchScreen.xib */; };
		3F3030C61B4C8C0F00B462ED /* ApplesToApplesTests.m in Sources */ = {isa = PBXBuildFile; fileRef = 3F3030C51B4C8C0F00B462ED /* ApplesToApplesTests.m */; };
		3F3030D11B4C91D800B462ED /* PlayerContentViewController.m in Sources */ = {isa = PBXBuildFile; fileRef = 3F3030D01B4C91D800B462ED /* PlayerContentViewController.m */; };
		3F30314C1B4ED08D00B462ED /* greenCard.png in Resources */ = {isa = PBXBuildFile; fileRef = 3F30314B1B4ED08D00B462ED /* greenCard.png */; };
		3F30314E1B4ED09400B462ED /* redCard.png in Resources */ = {isa = PBXBuildFile; fileRef = 3F30314D1B4ED09400B462ED /* redCard.png */; };
		3FDA32191B4F1A9C00E970A2 /* PlayerContentViewController2.m in Sources */ = {isa = PBXBuildFile; fileRef = 3FDA32181B4F1A9C00E970A2 /* PlayerContentViewController2.m */; };
/* End PBXBuildFile section */

/* Begin PBXContainerItemProxy section */
		3F3030C01B4C8C0F00B462ED /* PBXContainerItemProxy */ = {
			isa = PBXContainerItemProxy;
			containerPortal = 3F30309E1B4C8C0F00B462ED /* Project object */;
			proxyType = 1;
			remoteGlobalIDString = 3F3030A51B4C8C0F00B462ED;
			remoteInfo = ApplesToApples;
		};
/* End PBXContainerItemProxy section */

/* Begin PBXFileReference section */
		3F3030A61B4C8C0F00B462ED /* ApplesToApples.app */ = {isa = PBXFileReference; explicitFileType = wrapper.application; includeInIndex = 0; path = ApplesToApples.app; sourceTree = BUILT_PRODUCTS_DIR; };
		3F3030AA1B4C8C0F00B462ED /* Info.plist */ = {isa = PBXFileReference; lastKnownFileType = text.plist.xml; path = Info.plist; sourceTree = "<group>"; };
		3F3030AB1B4C8C0F00B462ED /* main.m */ = {isa = PBXFileReference; lastKnownFileType = sourcecode.c.objc; path = main.m; sourceTree = "<group>"; };
		3F3030AD1B4C8C0F00B462ED /* AppDelegate.h */ = {isa = PBXFileReference; lastKnownFileType = sourcecode.c.h; path = AppDelegate.h; sourceTree = "<group>"; };
		3F3030AE1B4C8C0F00B462ED /* AppDelegate.m */ = {isa = PBXFileReference; lastKnownFileType = sourcecode.c.objc; path = AppDelegate.m; sourceTree = "<group>"; };
		3F3030B01B4C8C0F00B462ED /* ViewController.h */ = {isa = PBXFileReference; lastKnownFileType = sourcecode.c.h; path = ViewController.h; sourceTree = "<group>"; };
		3F3030B11B4C8C0F00B462ED /* ViewController.m */ = {isa = PBXFileReference; lastKnownFileType = sourcecode.c.objc; path = ViewController.m; sourceTree = "<group>"; };
		3F3030B41B4C8C0F00B462ED /* Base */ = {isa = PBXFileReference; lastKnownFileType = file.storyboard; name = Base; path = Base.lproj/Main.storyboard; sourceTree = "<group>"; };
		3F3030B61B4C8C0F00B462ED /* Images.xcassets */ = {isa = PBXFileReference; lastKnownFileType = folder.assetcatalog; path = Images.xcassets; sourceTree = "<group>"; };
		3F3030B91B4C8C0F00B462ED /* Base */ = {isa = PBXFileReference; lastKnownFileType = file.xib; name = Base; path = Base.lproj/LaunchScreen.xib; sourceTree = "<group>"; };
		3F3030BF1B4C8C0F00B462ED /* ApplesToApplesTests.xctest */ = {isa = PBXFileReference; explicitFileType = wrapper.cfbundle; includeInIndex = 0; path = ApplesToApplesTests.xctest; sourceTree = BUILT_PRODUCTS_DIR; };
		3F3030C41B4C8C0F00B462ED /* Info.plist */ = {isa = PBXFileReference; lastKnownFileType = text.plist.xml; path = Info.plist; sourceTree = "<group>"; };
		3F3030C51B4C8C0F00B462ED /* ApplesToApplesTests.m */ = {isa = PBXFileReference; lastKnownFileType = sourcecode.c.objc; path = ApplesToApplesTests.m; sourceTree = "<group>"; };
		3F3030CF1B4C91D800B462ED /* PlayerContentViewController.h */ = {isa = PBXFileReference; fileEncoding = 4; lastKnownFileType = sourcecode.c.h; path = PlayerContentViewController.h; sourceTree = "<group>"; };
		3F3030D01B4C91D800B462ED /* PlayerContentViewController.m */ = {isa = PBXFileReference; fileEncoding = 4; lastKnownFileType = sourcecode.c.objc; path = PlayerContentViewController.m; sourceTree = "<group>"; };
		3F30314B1B4ED08D00B462ED /* greenCard.png */ = {isa = PBXFileReference; lastKnownFileType = image.png; path = greenCard.png; sourceTree = "<group>"; };
		3F30314D1B4ED09400B462ED /* redCard.png */ = {isa = PBXFileReference; lastKnownFileType = image.png; path = redCard.png; sourceTree = "<group>"; };
		3FDA32171B4F1A9C00E970A2 /* PlayerContentViewController2.h */ = {isa = PBXFileReference; fileEncoding = 4; lastKnownFileType = sourcecode.c.h; path = PlayerContentViewController2.h; sourceTree = "<group>"; };
		3FDA32181B4F1A9C00E970A2 /* PlayerContentViewController2.m */ = {isa = PBXFileReference; fileEncoding = 4; lastKnownFileType = sourcecode.c.objc; path = PlayerContentViewController2.m; sourceTree = "<group>"; };
/* End PBXFileReference section */

/* Begin PBXFrameworksBuildPhase section */
		3F3030A31B4C8C0F00B462ED /* Frameworks */ = {
			isa = PBXFrameworksBuildPhase;
			buildActionMask = 2147483647;
			files = (
			);
			runOnlyForDeploymentPostprocessing = 0;
		};
		3F3030BC1B4C8C0F00B462ED /* Frameworks */ = {
			isa = PBXFrameworksBuildPhase;
			buildActionMask = 2147483647;
			files = (
			);
			runOnlyForDeploymentPostprocessing = 0;
		};
/* End PBXFrameworksBuildPhase section */

/* Begin PBXGroup section */
		3F30309D1B4C8C0F00B462ED = {
			isa = PBXGroup;
			children = (
				3F3030A81B4C8C0F00B462ED /* ApplesToApples */,
				3F3030C21B4C8C0F00B462ED /* ApplesToApplesTests */,
				3F3030A71B4C8C0F00B462ED /* Products */,
			);
			sourceTree = "<group>";
		};
		3F3030A71B4C8C0F00B462ED /* Products */ = {
			isa = PBXGroup;
			children = (
				3F3030A61B4C8C0F00B462ED /* ApplesToApples.app */,
				3F3030BF1B4C8C0F00B462ED /* ApplesToApplesTests.xctest */,
			);
			name = Products;
			sourceTree = "<group>";
		};
		3F3030A81B4C8C0F00B462ED /* ApplesToApples */ = {
			isa = PBXGroup;
			children = (
				3F30314D1B4ED09400B462ED /* redCard.png */,
				3F30314B1B4ED08D00B462ED /* greenCard.png */,
				3F3030AD1B4C8C0F00B462ED /* AppDelegate.h */,
				3F3030AE1B4C8C0F00B462ED /* AppDelegate.m */,
				3F3030B01B4C8C0F00B462ED /* ViewController.h */,
				3F3030B11B4C8C0F00B462ED /* ViewController.m */,
				3F3030B31B4C8C0F00B462ED /* Main.storyboard */,
				3F3030CF1B4C91D800B462ED /* PlayerContentViewController.h */,
				3F3030D01B4C91D800B462ED /* PlayerContentViewController.m */,
				3F3030B61B4C8C0F00B462ED /* Images.xcassets */,
				3F3030B81B4C8C0F00B462ED /* LaunchScreen.xib */,
				3F3030A91B4C8C0F00B462ED /* Supporting Files */,
				3FDA32171B4F1A9C00E970A2 /* PlayerContentViewController2.h */,
				3FDA32181B4F1A9C00E970A2 /* PlayerContentViewController2.m */,
			);
			path = ApplesToApples;
			sourceTree = "<group>";
		};
		3F3030A91B4C8C0F00B462ED /* Supporting Files */ = {
			isa = PBXGroup;
			children = (
				3F3030AA1B4C8C0F00B462ED /* Info.plist */,
				3F3030AB1B4C8C0F00B462ED /* main.m */,
			);
			name = "Supporting Files";
			sourceTree = "<group>";
		};
		3F3030C21B4C8C0F00B462ED /* ApplesToApplesTests */ = {
			isa = PBXGroup;
			children = (
				3F3030C51B4C8C0F00B462ED /* ApplesToApplesTests.m */,
				3F3030C31B4C8C0F00B462ED /* Supporting Files */,
			);
			path = ApplesToApplesTests;
			sourceTree = "<group>";
		};
		3F3030C31B4C8C0F00B462ED /* Supporting Files */ = {
			isa = PBXGroup;
			children = (
				3F3030C41B4C8C0F00B462ED /* Info.plist */,
			);
			name = "Supporting Files";
			sourceTree = "<group>";
		};
/* End PBXGroup section */

/* Begin PBXNativeTarget section */
		3F3030A51B4C8C0F00B462ED /* ApplesToApples */ = {
			isa = PBXNativeTarget;
			buildConfigurationList = 3F3030C91B4C8C0F00B462ED /* Build configuration list for PBXNativeTarget "ApplesToApples" */;
			buildPhases = (
				3F3030A21B4C8C0F00B462ED /* Sources */,
				3F3030A31B4C8C0F00B462ED /* Frameworks */,
				3F3030A41B4C8C0F00B462ED /* Resources */,
			);
			buildRules = (
			);
			dependencies = (
			);
			name = ApplesToApples;
			productName = ApplesToApples;
			productReference = 3F3030A61B4C8C0F00B462ED /* ApplesToApples.app */;
			productType = "com.apple.product-type.application";
		};
		3F3030BE1B4C8C0F00B462ED /* ApplesToApplesTests */ = {
			isa = PBXNativeTarget;
			buildConfigurationList = 3F3030CC1B4C8C0F00B462ED /* Build configuration list for PBXNativeTarget "ApplesToApplesTests" */;
			buildPhases = (
				3F3030BB1B4C8C0F00B462ED /* Sources */,
				3F3030BC1B4C8C0F00B462ED /* Frameworks */,
				3F3030BD1B4C8C0F00B462ED /* Resources */,
			);
			buildRules = (
			);
			dependencies = (
				3F3030C11B4C8C0F00B462ED /* PBXTargetDependency */,
			);
			name = ApplesToApplesTests;
			productName = ApplesToApplesTests;
			productReference = 3F3030BF1B4C8C0F00B462ED /* ApplesToApplesTests.xctest */;
			productType = "com.apple.product-type.bundle.unit-test";
		};
/* End PBXNativeTarget section */

/* Begin PBXProject section */
		3F30309E1B4C8C0F00B462ED /* Project object */ = {
			isa = PBXProject;
			attributes = {
				LastUpgradeCheck = 0610;
				ORGANIZATIONNAME = student;
				TargetAttributes = {
					3F3030A51B4C8C0F00B462ED = {
						CreatedOnToolsVersion = 6.1.1;
					};
					3F3030BE1B4C8C0F00B462ED = {
						CreatedOnToolsVersion = 6.1.1;
						TestTargetID = 3F3030A51B4C8C0F00B462ED;
					};
				};
			};
			buildConfigurationList = 3F3030A11B4C8C0F00B462ED /* Build configuration list for PBXProject "ApplesToApples" */;
			compatibilityVersion = "Xcode 3.2";
			developmentRegion = English;
			hasScannedForEncodings = 0;
			knownRegions = (
				en,
				Base,
			);
			mainGroup = 3F30309D1B4C8C0F00B462ED;
			productRefGroup = 3F3030A71B4C8C0F00B462ED /* Products */;
			projectDirPath = "";
			projectRoot = "";
			targets = (
				3F3030A51B4C8C0F00B462ED /* ApplesToApples */,
				3F3030BE1B4C8C0F00B462ED /* ApplesToApplesTests */,
			);
		};
/* End PBXProject section */

/* Begin PBXResourcesBuildPhase section */
		3F3030A41B4C8C0F00B462ED /* Resources */ = {
			isa = PBXResourcesBuildPhase;
			buildActionMask = 2147483647;
			files = (
				3F3030B51B4C8C0F00B462ED /* Main.storyboard in Resources */,
				3F3030BA1B4C8C0F00B462ED /* LaunchScreen.xib in Resources */,
				3F30314E1B4ED09400B462ED /* redCard.png in Resources */,
				3F3030B71B4C8C0F00B462ED /* Images.xcassets in Resources */,
				3F30314C1B4ED08D00B462ED /* greenCard.png in Resources */,
			);
			runOnlyForDeploymentPostprocessing = 0;
		};
		3F3030BD1B4C8C0F00B462ED /* Resources */ = {
			isa = PBXResourcesBuildPhase;
			buildActionMask = 2147483647;
			files = (
			);
			runOnlyForDeploymentPostprocessing = 0;
		};
/* End PBXResourcesBuildPhase section */

/* Begin PBXSourcesBuildPhase section */
		3F3030A21B4C8C0F00B462ED /* Sources */ = {
			isa = PBXSourcesBuildPhase;
			buildActionMask = 2147483647;
			files = (
				3F3030B21B4C8C0F00B462ED /* ViewController.m in Sources */,
				3F3030AF1B4C8C0F00B462ED /* AppDelegate.m in Sources */,
				3F3030AC1B4C8C0F00B462ED /* main.m in Sources */,
				3FDA32191B4F1A9C00E970A2 /* PlayerContentViewController2.m in Sources */,
				3F3030D11B4C91D800B462ED /* PlayerContentViewController.m in Sources */,
			);
			runOnlyForDeploymentPostprocessing = 0;
		};
		3F3030BB1B4C8C0F00B462ED /* Sources */ = {
			isa = PBXSourcesBuildPhase;
			buildActionMask = 2147483647;
			files = (
				3F3030C61B4C8C0F00B462ED /* ApplesToApplesTests.m in Sources */,
			);
			runOnlyForDeploymentPostprocessing = 0;
		};
/* End PBXSourcesBuildPhase section */

/* Begin PBXTargetDependency section */
		3F3030C11B4C8C0F00B462ED /* PBXTargetDependency */ = {
			isa = PBXTargetDependency;
			target = 3F3030A51B4C8C0F00B462ED /* ApplesToApples */;
			targetProxy = 3F3030C01B4C8C0F00B462ED /* PBXContainerItemProxy */;
		};
/* End PBXTargetDependency section */

/* Begin PBXVariantGroup section */
		3F3030B31B4C8C0F00B462ED /* Main.storyboard */ = {
			isa = PBXVariantGroup;
			children = (
				3F3030B41B4C8C0F00B462ED /* Base */,
			);
			name = Main.storyboard;
			sourceTree = "<group>";
		};
		3F3030B81B4C8C0F00B462ED /* LaunchScreen.xib */ = {
			isa = PBXVariantGroup;
			children = (
				3F3030B91B4C8C0F00B462ED /* Base */,
			);
			name = LaunchScreen.xib;
			sourceTree = "<group>";
		};
/* End PBXVariantGroup section */

/* Begin XCBuildConfiguration section */
		3F3030C71B4C8C0F00B462ED /* Debug */ = {
			isa = XCBuildConfiguration;
			buildSettings = {
				ALWAYS_SEARCH_USER_PATHS = NO;
				CLANG_CXX_LANGUAGE_STANDARD = "gnu++0x";
				CLANG_CXX_LIBRARY = "libc++";
				CLANG_ENABLE_MODULES = YES;
				CLANG_ENABLE_OBJC_ARC = YES;
				CLANG_WARN_BOOL_CONVERSION = YES;
				CLANG_WARN_CONSTANT_CONVERSION = YES;
				CLANG_WARN_DIRECT_OBJC_ISA_USAGE = YES_ERROR;
				CLANG_WARN_EMPTY_BODY = YES;
				CLANG_WARN_ENUM_CONVERSION = YES;
				CLANG_WARN_INT_CONVERSION = YES;
				CLANG_WARN_OBJC_ROOT_CLASS = YES_ERROR;
				CLANG_WARN_UNREACHABLE_CODE = YES;
				CLANG_WARN__DUPLICATE_METHOD_MATCH = YES;
				"CODE_SIGN_IDENTITY[sdk=iphoneos*]" = "iPhone Developer";
				COPY_PHASE_STRIP = NO;
				ENABLE_STRICT_OBJC_MSGSEND = YES;
				GCC_C_LANGUAGE_STANDARD = gnu99;
				GCC_DYNAMIC_NO_PIC = NO;
				GCC_OPTIMIZATION_LEVEL = 0;
				GCC_PREPROCESSOR_DEFINITIONS = (
					"DEBUG=1",
					"$(inherited)",
				);
				GCC_SYMBOLS_PRIVATE_EXTERN = NO;
				GCC_WARN_64_TO_32_BIT_CONVERSION = YES;
				GCC_WARN_ABOUT_RETURN_TYPE = YES_ERROR;
				GCC_WARN_UNDECLARED_SELECTOR = YES;
				GCC_WARN_UNINITIALIZED_AUTOS = YES_AGGRESSIVE;
				GCC_WARN_UNUSED_FUNCTION = YES;
				GCC_WARN_UNUSED_VARIABLE = YES;
				IPHONEOS_DEPLOYMENT_TARGET = 8.1;
				MTL_ENABLE_DEBUG_INFO = YES;
				ONLY_ACTIVE_ARCH = YES;
				SDKROOT = iphoneos;
			};
			name = Debug;
		};
		3F3030C81B4C8C0F00B462ED /* Release */ = {
			isa = XCBuildConfiguration;
			buildSettings = {
				ALWAYS_SEARCH_USER_PATHS = NO;
				CLANG_CXX_LANGUAGE_STANDARD = "gnu++0x";
				CLANG_CXX_LIBRARY = "libc++";
				CLANG_ENABLE_MODULES = YES;
				CLANG_ENABLE_OBJC_ARC = YES;
				CLANG_WARN_BOOL_CONVERSION = YES;
				CLANG_WARN_CONSTANT_CONVERSION = YES;
				CLANG_WARN_DIRECT_OBJC_ISA_USAGE = YES_ERROR;
				CLANG_WARN_EMPTY_BODY = YES;
				CLANG_WARN_ENUM_CONVERSION = YES;
				CLANG_WARN_INT_CONVERSION = YES;
				CLANG_WARN_OBJC_ROOT_CLASS = YES_ERROR;
				CLANG_WARN_UNREACHABLE_CODE = YES;
				CLANG_WARN__DUPLICATE_METHOD_MATCH = YES;
				"CODE_SIGN_IDENTITY[sdk=iphoneos*]" = "iPhone Developer";
				COPY_PHASE_STRIP = YES;
				ENABLE_NS_ASSERTIONS = NO;
				ENABLE_STRICT_OBJC_MSGSEND = YES;
				GCC_C_LANGUAGE_STANDARD = gnu99;
				GCC_WARN_64_TO_32_BIT_CONVERSION = YES;
				GCC_WARN_ABOUT_RETURN_TYPE = YES_ERROR;
				GCC_WARN_UNDECLARED_SELECTOR = YES;
				GCC_WARN_UNINITIALIZED_AUTOS = YES_AGGRESSIVE;
				GCC_WARN_UNUSED_FUNCTION = YES;
				GCC_WARN_UNUSED_VARIABLE = YES;
				IPHONEOS_DEPLOYMENT_TARGET = 8.1;
				MTL_ENABLE_DEBUG_INFO = NO;
				SDKROOT = iphoneos;
				VALIDATE_PRODUCT = YES;
			};
			name = Release;
		};
		3F3030CA1B4C8C0F00B462ED /* Debug */ = {
			isa = XCBuildConfiguration;
			buildSettings = {
				ASSETCATALOG_COMPILER_APPICON_NAME = AppIcon;
				INFOPLIST_FILE = ApplesToApples/Info.plist;
				LD_RUNPATH_SEARCH_PATHS = "$(inherited) @executable_path/Frameworks";
				PRODUCT_NAME = "$(TARGET_NAME)";
			};
			name = Debug;
		};
		3F3030CB1B4C8C0F00B462ED /* Release */ = {
			isa = XCBuildConfiguration;
			buildSettings = {
				ASSETCATALOG_COMPILER_APPICON_NAME = AppIcon;
				INFOPLIST_FILE = ApplesToApples/Info.plist;
				LD_RUNPATH_SEARCH_PATHS = "$(inherited) @executable_path/Frameworks";
				PRODUCT_NAME = "$(TARGET_NAME)";
			};
			name = Release;
		};
		3F3030CD1B4C8C0F00B462ED /* Debug */ = {
			isa = XCBuildConfiguration;
			buildSettings = {
				BUNDLE_LOADER = "$(TEST_HOST)";
				FRAMEWORK_SEARCH_PATHS = (
					"$(SDKROOT)/Developer/Library/Frameworks",
					"$(inherited)",
				);
				GCC_PREPROCESSOR_DEFINITIONS = (
					"DEBUG=1",
					"$(inherited)",
				);
				INFOPLIST_FILE = ApplesToApplesTests/Info.plist;
				LD_RUNPATH_SEARCH_PATHS = "$(inherited) @executable_path/Frameworks @loader_path/Frameworks";
				PRODUCT_NAME = "$(TARGET_NAME)";
				TEST_HOST = "$(BUILT_PRODUCTS_DIR)/ApplesToApples.app/ApplesToApples";
			};
			name = Debug;
		};
		3F3030CE1B4C8C0F00B462ED /* Release */ = {
			isa = XCBuildConfiguration;
			buildSettings = {
				BUNDLE_LOADER = "$(TEST_HOST)";
				FRAMEWORK_SEARCH_PATHS = (
					"$(SDKROOT)/Developer/Library/Frameworks",
					"$(inherited)",
				);
				INFOPLIST_FILE = ApplesToApplesTests/Info.plist;
				LD_RUNPATH_SEARCH_PATHS = "$(inherited) @executable_path/Frameworks @loader_path/Frameworks";
				PRODUCT_NAME = "$(TARGET_NAME)";
				TEST_HOST = "$(BUILT_PRODUCTS_DIR)/ApplesToApples.app/ApplesToApples";
			};
			name = Release;
		};
/* End XCBuildConfiguration section */

/* Begin XCConfigurationList section */
		3F3030A11B4C8C0F00B462ED /* Build configuration list for PBXProject "ApplesToApples" */ = {
			isa = XCConfigurationList;
			buildConfigurations = (
				3F3030C71B4C8C0F00B462ED /* Debug */,
				3F3030C81B4C8C0F00B462ED /* Release */,
			);
			defaultConfigurationIsVisible = 0;
			defaultConfigurationName = Release;
		};
		3F3030C91B4C8C0F00B462ED /* Build configuration list for PBXNativeTarget "ApplesToApples" */ = {
			isa = XCConfigurationList;
			buildConfigurations = (
				3F3030CA1B4C8C0F00B462ED /* Debug */,
				3F3030CB1B4C8C0F00B462ED /* Release */,
			);
			defaultConfigurationIsVisible = 0;
			defaultConfigurationName = Release;
		};
		3F3030CC1B4C8C0F00B462ED /* Build configuration list for PBXNativeTarget "ApplesToApplesTests" */ = {
			isa = XCConfigurationList;
			buildConfigurations = (
				3F3030CD1B4C8C0F00B462ED /* Debug */,
				3F3030CE1B4C8C0F00B462ED /* Release */,
			);
			defaultConfigurationIsVisible = 0;
			defaultConfigurationName = Release;
		};
/* End XCConfigurationList section */
	};
	rootObject = 3F30309E1B4C8C0F00B462ED /* Project object */;
}
